{
	"name": "blockbench-types",
	"version": "4.6.0",
	"lockfileVersion": 2,
	"requires": true,
	"packages": {
		"": {
			"name": "blockbench-types",
			"version": "4.6.0",
			"devDependencies": {
				"@babel/types": "^7.20.7",
				"@types/jquery": "^3.5.4",
				"@types/prismjs": "^1.26.0",
				"@types/three": "^0.148.1",
				"@types/tinycolor2": "^1.4.3",
				"prettier": "^2.8.3",
				"prismjs": "^1.29.0",
				"typedoc": "^0.23.24",
				"typescript": "^4.9.5",
				"vue": "^3.2.45",
				"wintersky": "^1.2.1"
			}
		},
		"node_modules/@babel/helper-string-parser": {
			"version": "7.19.4",
			"resolved": "https://registry.npmjs.org/@babel/helper-string-parser/-/helper-string-parser-7.19.4.tgz",
			"integrity": "sha512-nHtDoQcuqFmwYNYPz3Rah5ph2p8PFeFCsZk9A/48dPc/rGocJ5J3hAAZ7pb76VWX3fZKu+uEr/FhH5jLx7umrw==",
			"dev": true,
			"engines": {
				"node": ">=6.9.0"
			}
		},
		"node_modules/@babel/helper-validator-identifier": {
			"version": "7.19.1",
			"resolved": "https://registry.npmjs.org/@babel/helper-validator-identifier/-/helper-validator-identifier-7.19.1.tgz",
			"integrity": "sha512-awrNfaMtnHUr653GgGEs++LlAvW6w+DcPrOliSMXWCKo597CwL5Acf/wWdNkf/tfEQE3mjkeD1YOVZOUV/od1w==",
			"dev": true,
			"engines": {
				"node": ">=6.9.0"
			}
		},
		"node_modules/@babel/parser": {
			"version": "7.20.15",
			"dev": true,
			"license": "MIT",
			"bin": {
				"parser": "bin/babel-parser.js"
			},
			"engines": {
				"node": ">=6.0.0"
			}
		},
		"node_modules/@babel/types": {
			"version": "7.20.7",
			"resolved": "https://registry.npmjs.org/@babel/types/-/types-7.20.7.tgz",
			"integrity": "sha512-69OnhBxSSgK0OzTJai4kyPDiKTIe3j+ctaHdIGVbRahTLAT7L3R9oeXHC2aVSuGYt3cVnoAMDmOCgJ2yaiLMvg==",
			"dev": true,
			"dependencies": {
				"@babel/helper-string-parser": "^7.19.4",
				"@babel/helper-validator-identifier": "^7.19.1",
				"to-fast-properties": "^2.0.0"
			},
			"engines": {
				"node": ">=6.9.0"
			}
		},
		"node_modules/@types/jquery": {
			"version": "3.5.16",
			"dev": true,
			"license": "MIT",
			"dependencies": {
				"@types/sizzle": "*"
			}
		},
		"node_modules/@types/prismjs": {
			"version": "1.26.0",
			"resolved": "https://registry.npmjs.org/@types/prismjs/-/prismjs-1.26.0.tgz",
			"integrity": "sha512-ZTaqn/qSqUuAq1YwvOFQfVW1AR/oQJlLSZVustdjwI+GZ8kr0MSHBj0tsXPW1EqHubx50gtBEjbPGsdZwQwCjQ==",
			"dev": true
		},
		"node_modules/@types/sizzle": {
			"version": "2.3.3",
			"dev": true,
			"license": "MIT"
		},
		"node_modules/@types/three": {
			"version": "0.148.1",
			"dev": true,
			"license": "MIT",
			"dependencies": {
				"@types/webxr": "*"
			}
		},
		"node_modules/@types/tinycolor2": {
			"version": "1.4.3",
			"dev": true,
			"license": "MIT"
		},
		"node_modules/@types/webxr": {
			"version": "0.5.1",
			"dev": true,
			"license": "MIT"
		},
		"node_modules/@vue/compiler-core": {
			"version": "3.2.47",
			"dev": true,
			"license": "MIT",
			"dependencies": {
				"@babel/parser": "^7.16.4",
				"@vue/shared": "3.2.47",
				"estree-walker": "^2.0.2",
				"source-map": "^0.6.1"
			}
		},
		"node_modules/@vue/compiler-dom": {
			"version": "3.2.47",
			"dev": true,
			"license": "MIT",
			"dependencies": {
				"@vue/compiler-core": "3.2.47",
				"@vue/shared": "3.2.47"
			}
		},
		"node_modules/@vue/compiler-sfc": {
			"version": "3.2.47",
			"dev": true,
			"license": "MIT",
			"dependencies": {
				"@babel/parser": "^7.16.4",
				"@vue/compiler-core": "3.2.47",
				"@vue/compiler-dom": "3.2.47",
				"@vue/compiler-ssr": "3.2.47",
				"@vue/reactivity-transform": "3.2.47",
				"@vue/shared": "3.2.47",
				"estree-walker": "^2.0.2",
				"magic-string": "^0.25.7",
				"postcss": "^8.1.10",
				"source-map": "^0.6.1"
			}
		},
		"node_modules/@vue/compiler-ssr": {
			"version": "3.2.47",
			"dev": true,
			"license": "MIT",
			"dependencies": {
				"@vue/compiler-dom": "3.2.47",
				"@vue/shared": "3.2.47"
			}
		},
		"node_modules/@vue/reactivity": {
			"version": "3.2.47",
			"dev": true,
			"license": "MIT",
			"dependencies": {
				"@vue/shared": "3.2.47"
			}
		},
		"node_modules/@vue/reactivity-transform": {
			"version": "3.2.47",
			"dev": true,
			"license": "MIT",
			"dependencies": {
				"@babel/parser": "^7.16.4",
				"@vue/compiler-core": "3.2.47",
				"@vue/shared": "3.2.47",
				"estree-walker": "^2.0.2",
				"magic-string": "^0.25.7"
			}
		},
		"node_modules/@vue/runtime-core": {
			"version": "3.2.47",
			"dev": true,
			"license": "MIT",
			"dependencies": {
				"@vue/reactivity": "3.2.47",
				"@vue/shared": "3.2.47"
			}
		},
		"node_modules/@vue/runtime-dom": {
			"version": "3.2.47",
			"dev": true,
			"license": "MIT",
			"dependencies": {
				"@vue/runtime-core": "3.2.47",
				"@vue/shared": "3.2.47",
				"csstype": "^2.6.8"
			}
		},
		"node_modules/@vue/server-renderer": {
			"version": "3.2.47",
			"dev": true,
			"license": "MIT",
			"dependencies": {
				"@vue/compiler-ssr": "3.2.47",
				"@vue/shared": "3.2.47"
			},
			"peerDependencies": {
				"vue": "3.2.47"
			}
		},
		"node_modules/@vue/shared": {
			"version": "3.2.47",
			"dev": true,
			"license": "MIT"
		},
		"node_modules/ansi-sequence-parser": {
			"version": "1.1.0",
			"dev": true,
			"license": "MIT"
		},
		"node_modules/balanced-match": {
			"version": "1.0.2",
			"dev": true,
			"license": "MIT"
		},
		"node_modules/brace-expansion": {
			"version": "2.0.1",
			"dev": true,
			"license": "MIT",
			"dependencies": {
				"balanced-match": "^1.0.0"
			}
		},
		"node_modules/csstype": {
			"version": "2.6.21",
			"dev": true,
			"license": "MIT"
		},
		"node_modules/estree-walker": {
			"version": "2.0.2",
			"dev": true,
			"license": "MIT"
		},
		"node_modules/jsonc-parser": {
			"version": "3.2.0",
			"dev": true,
			"license": "MIT"
		},
		"node_modules/lunr": {
			"version": "2.3.9",
			"dev": true,
			"license": "MIT"
		},
		"node_modules/magic-string": {
			"version": "0.25.9",
			"dev": true,
			"license": "MIT",
			"dependencies": {
				"sourcemap-codec": "^1.4.8"
			}
		},
		"node_modules/marked": {
			"version": "4.2.12",
			"dev": true,
			"license": "MIT",
			"bin": {
				"marked": "bin/marked.js"
			},
			"engines": {
				"node": ">= 12"
			}
		},
		"node_modules/minimatch": {
			"version": "6.2.0",
			"dev": true,
			"license": "ISC",
			"dependencies": {
				"brace-expansion": "^2.0.1"
			},
			"engines": {
				"node": ">=10"
			},
			"funding": {
				"url": "https://github.com/sponsors/isaacs"
			}
		},
		"node_modules/molangjs": {
			"version": "1.6.2",
			"dev": true,
			"license": "MIT"
		},
		"node_modules/nanoid": {
			"version": "3.3.4",
			"dev": true,
			"license": "MIT",
			"bin": {
				"nanoid": "bin/nanoid.cjs"
			},
			"engines": {
				"node": "^10 || ^12 || ^13.7 || ^14 || >=15.0.1"
			}
		},
		"node_modules/picocolors": {
			"version": "1.0.0",
			"dev": true,
			"license": "ISC"
		},
		"node_modules/postcss": {
			"version": "8.4.21",
			"dev": true,
			"funding": [
				{
					"type": "opencollective",
					"url": "https://opencollective.com/postcss/"
				},
				{
					"type": "tidelift",
					"url": "https://tidelift.com/funding/github/npm/postcss"
				}
			],
			"license": "MIT",
			"dependencies": {
				"nanoid": "^3.3.4",
				"picocolors": "^1.0.0",
				"source-map-js": "^1.0.2"
			},
			"engines": {
				"node": "^10 || ^12 || >=14"
			}
		},
		"node_modules/prettier": {
			"version": "2.8.4",
			"dev": true,
			"license": "MIT",
			"bin": {
				"prettier": "bin-prettier.js"
			},
			"engines": {
				"node": ">=10.13.0"
			},
			"funding": {
				"url": "https://github.com/prettier/prettier?sponsor=1"
			}
		},
		"node_modules/prismjs": {
			"version": "1.29.0",
			"resolved": "https://registry.npmjs.org/prismjs/-/prismjs-1.29.0.tgz",
			"integrity": "sha512-Kx/1w86q/epKcmte75LNrEoT+lX8pBpavuAbvJWRXar7Hz8jrtF+e3vY751p0R8H9HdArwaCTNDDzHg/ScJK1Q==",
			"dev": true,
			"engines": {
				"node": ">=6"
			}
		},
		"node_modules/shiki": {
			"version": "0.14.1",
			"dev": true,
			"license": "MIT",
			"dependencies": {
				"ansi-sequence-parser": "^1.1.0",
				"jsonc-parser": "^3.2.0",
				"vscode-oniguruma": "^1.7.0",
				"vscode-textmate": "^8.0.0"
			}
		},
		"node_modules/source-map": {
			"version": "0.6.1",
			"dev": true,
			"license": "BSD-3-Clause",
			"engines": {
				"node": ">=0.10.0"
			}
		},
		"node_modules/source-map-js": {
			"version": "1.0.2",
			"dev": true,
			"license": "BSD-3-Clause",
			"engines": {
				"node": ">=0.10.0"
			}
		},
		"node_modules/sourcemap-codec": {
			"version": "1.4.8",
			"dev": true,
			"license": "MIT"
		},
		"node_modules/three": {
			"version": "0.147.0",
			"dev": true,
			"license": "MIT"
		},
		"node_modules/tinycolor2": {
			"version": "1.6.0",
			"dev": true,
			"license": "MIT"
		},
		"node_modules/to-fast-properties": {
			"version": "2.0.0",
			"resolved": "https://registry.npmjs.org/to-fast-properties/-/to-fast-properties-2.0.0.tgz",
			"integrity": "sha512-/OaKK0xYrs3DmxRYqL/yDc+FxFUVYhDlXMhRmv3z915w2HF1tnN1omB354j8VUGO/hbRzyD6Y3sA7v7GS/ceog==",
			"dev": true,
			"engines": {
				"node": ">=4"
			}
		},
		"node_modules/typedoc": {
			"version": "0.23.25",
			"dev": true,
			"license": "Apache-2.0",
			"dependencies": {
				"lunr": "^2.3.9",
				"marked": "^4.2.12",
				"minimatch": "^6.1.6",
				"shiki": "^0.14.1"
			},
			"bin": {
				"typedoc": "bin/typedoc"
			},
			"engines": {
				"node": ">= 14.14"
			},
			"peerDependencies": {
				"typescript": "4.6.x || 4.7.x || 4.8.x || 4.9.x"
			}
		},
		"node_modules/typescript": {
			"version": "4.9.5",
			"dev": true,
			"license": "Apache-2.0",
			"bin": {
				"tsc": "bin/tsc",
				"tsserver": "bin/tsserver"
			},
			"engines": {
				"node": ">=4.2.0"
			}
		},
		"node_modules/vscode-oniguruma": {
			"version": "1.7.0",
			"dev": true,
			"license": "MIT"
		},
		"node_modules/vscode-textmate": {
			"version": "8.0.0",
			"dev": true,
			"license": "MIT"
		},
		"node_modules/vue": {
			"version": "3.2.47",
			"dev": true,
			"license": "MIT",
			"dependencies": {
				"@vue/compiler-dom": "3.2.47",
				"@vue/compiler-sfc": "3.2.47",
				"@vue/runtime-dom": "3.2.47",
				"@vue/server-renderer": "3.2.47",
				"@vue/shared": "3.2.47"
			}
		},
		"node_modules/wintersky": {
			"version": "1.2.1",
			"dev": true,
			"license": "MIT",
			"dependencies": {
				"molangjs": "^1.6.1",
				"three": "^0.147.0",
				"tinycolor2": "^1.4.2"
			}
		}
	},
	"dependencies": {
		"@babel/helper-string-parser": {
			"version": "7.19.4",
			"resolved": "https://registry.npmjs.org/@babel/helper-string-parser/-/helper-string-parser-7.19.4.tgz",
			"integrity": "sha512-nHtDoQcuqFmwYNYPz3Rah5ph2p8PFeFCsZk9A/48dPc/rGocJ5J3hAAZ7pb76VWX3fZKu+uEr/FhH5jLx7umrw==",
			"dev": true
		},
		"@babel/helper-validator-identifier": {
			"version": "7.19.1",
			"resolved": "https://registry.npmjs.org/@babel/helper-validator-identifier/-/helper-validator-identifier-7.19.1.tgz",
			"integrity": "sha512-awrNfaMtnHUr653GgGEs++LlAvW6w+DcPrOliSMXWCKo597CwL5Acf/wWdNkf/tfEQE3mjkeD1YOVZOUV/od1w==",
			"dev": true
		},
		"@babel/parser": {
			"version": "7.20.15",
			"dev": true
		},
		"@babel/types": {
			"version": "7.20.7",
			"resolved": "https://registry.npmjs.org/@babel/types/-/types-7.20.7.tgz",
			"integrity": "sha512-69OnhBxSSgK0OzTJai4kyPDiKTIe3j+ctaHdIGVbRahTLAT7L3R9oeXHC2aVSuGYt3cVnoAMDmOCgJ2yaiLMvg==",
			"dev": true,
			"requires": {
				"@babel/helper-string-parser": "^7.19.4",
				"@babel/helper-validator-identifier": "^7.19.1",
				"to-fast-properties": "^2.0.0"
			}
		},
		"@types/jquery": {
			"version": "3.5.16",
			"dev": true,
			"requires": {
				"@types/sizzle": "*"
			}
		},
		"@types/prismjs": {
			"version": "1.26.0",
			"resolved": "https://registry.npmjs.org/@types/prismjs/-/prismjs-1.26.0.tgz",
			"integrity": "sha512-ZTaqn/qSqUuAq1YwvOFQfVW1AR/oQJlLSZVustdjwI+GZ8kr0MSHBj0tsXPW1EqHubx50gtBEjbPGsdZwQwCjQ==",
			"dev": true
		},
		"@types/sizzle": {
			"version": "2.3.3",
			"dev": true
		},
		"@types/three": {
			"version": "0.148.1",
			"dev": true,
			"requires": {
				"@types/webxr": "*"
			}
		},
		"@types/tinycolor2": {
			"version": "1.4.3",
			"dev": true
		},
		"@types/webxr": {
			"version": "0.5.1",
			"dev": true
		},
		"@vue/compiler-core": {
			"version": "3.2.47",
			"dev": true,
			"requires": {
				"@babel/parser": "^7.16.4",
				"@vue/shared": "3.2.47",
				"estree-walker": "^2.0.2",
				"source-map": "^0.6.1"
			}
		},
		"@vue/compiler-dom": {
			"version": "3.2.47",
			"dev": true,
			"requires": {
				"@vue/compiler-core": "3.2.47",
				"@vue/shared": "3.2.47"
			}
		},
		"@vue/compiler-sfc": {
			"version": "3.2.47",
			"dev": true,
			"requires": {
				"@babel/parser": "^7.16.4",
				"@vue/compiler-core": "3.2.47",
				"@vue/compiler-dom": "3.2.47",
				"@vue/compiler-ssr": "3.2.47",
				"@vue/reactivity-transform": "3.2.47",
				"@vue/shared": "3.2.47",
				"estree-walker": "^2.0.2",
				"magic-string": "^0.25.7",
				"postcss": "^8.1.10",
				"source-map": "^0.6.1"
			}
		},
		"@vue/compiler-ssr": {
			"version": "3.2.47",
			"dev": true,
			"requires": {
				"@vue/compiler-dom": "3.2.47",
				"@vue/shared": "3.2.47"
			}
		},
		"@vue/reactivity": {
			"version": "3.2.47",
			"dev": true,
			"requires": {
				"@vue/shared": "3.2.47"
			}
		},
		"@vue/reactivity-transform": {
			"version": "3.2.47",
			"dev": true,
			"requires": {
				"@babel/parser": "^7.16.4",
				"@vue/compiler-core": "3.2.47",
				"@vue/shared": "3.2.47",
				"estree-walker": "^2.0.2",
				"magic-string": "^0.25.7"
			}
		},
		"@vue/runtime-core": {
			"version": "3.2.47",
			"dev": true,
			"requires": {
				"@vue/reactivity": "3.2.47",
				"@vue/shared": "3.2.47"
			}
		},
		"@vue/runtime-dom": {
			"version": "3.2.47",
			"dev": true,
			"requires": {
				"@vue/runtime-core": "3.2.47",
				"@vue/shared": "3.2.47",
				"csstype": "^2.6.8"
			}
		},
		"@vue/server-renderer": {
			"version": "3.2.47",
			"dev": true,
			"requires": {
				"@vue/compiler-ssr": "3.2.47",
				"@vue/shared": "3.2.47"
			}
		},
		"@vue/shared": {
			"version": "3.2.47",
			"dev": true
		},
		"ansi-sequence-parser": {
			"version": "1.1.0",
			"dev": true
		},
		"balanced-match": {
			"version": "1.0.2",
			"dev": true
		},
		"brace-expansion": {
			"version": "2.0.1",
			"dev": true,
			"requires": {
				"balanced-match": "^1.0.0"
			}
		},
		"csstype": {
			"version": "2.6.21",
			"dev": true
		},
		"estree-walker": {
			"version": "2.0.2",
			"dev": true
		},
		"jsonc-parser": {
			"version": "3.2.0",
			"dev": true
		},
		"lunr": {
			"version": "2.3.9",
			"dev": true
		},
		"magic-string": {
			"version": "0.25.9",
			"dev": true,
			"requires": {
				"sourcemap-codec": "^1.4.8"
			}
		},
		"marked": {
			"version": "4.2.12",
			"dev": true
		},
		"minimatch": {
			"version": "6.2.0",
			"dev": true,
			"requires": {
				"brace-expansion": "^2.0.1"
			}
		},
		"molangjs": {
			"version": "1.6.2",
			"dev": true
		},
		"nanoid": {
			"version": "3.3.4",
			"dev": true
		},
		"picocolors": {
			"version": "1.0.0",
			"dev": true
		},
		"postcss": {
			"version": "8.4.21",
			"dev": true,
			"requires": {
				"nanoid": "^3.3.4",
				"picocolors": "^1.0.0",
				"source-map-js": "^1.0.2"
			}
		},
		"prettier": {
			"version": "2.8.4",
			"dev": true
		},
		"prismjs": {
			"version": "1.29.0",
			"resolved": "https://registry.npmjs.org/prismjs/-/prismjs-1.29.0.tgz",
			"integrity": "sha512-Kx/1w86q/epKcmte75LNrEoT+lX8pBpavuAbvJWRXar7Hz8jrtF+e3vY751p0R8H9HdArwaCTNDDzHg/ScJK1Q==",
			"dev": true
		},
		"shiki": {
			"version": "0.14.1",
			"dev": true,
			"requires": {
				"ansi-sequence-parser": "^1.1.0",
				"jsonc-parser": "^3.2.0",
				"vscode-oniguruma": "^1.7.0",
				"vscode-textmate": "^8.0.0"
			}
		},
		"source-map": {
			"version": "0.6.1",
			"dev": true
		},
		"source-map-js": {
			"version": "1.0.2",
			"dev": true
		},
		"sourcemap-codec": {
			"version": "1.4.8",
			"dev": true
		},
		"three": {
			"version": "0.147.0",
			"dev": true
		},
		"tinycolor2": {
			"version": "1.6.0",
			"dev": true
		},
		"to-fast-properties": {
			"version": "2.0.0",
			"resolved": "https://registry.npmjs.org/to-fast-properties/-/to-fast-properties-2.0.0.tgz",
			"integrity": "sha512-/OaKK0xYrs3DmxRYqL/yDc+FxFUVYhDlXMhRmv3z915w2HF1tnN1omB354j8VUGO/hbRzyD6Y3sA7v7GS/ceog==",
			"dev": true
		},
		"typedoc": {
			"version": "0.23.25",
			"dev": true,
			"requires": {
				"lunr": "^2.3.9",
				"marked": "^4.2.12",
				"minimatch": "^6.1.6",
				"shiki": "^0.14.1"
			}
		},
		"typescript": {
			"version": "4.9.5",
			"dev": true
		},
		"vscode-oniguruma": {
			"version": "1.7.0",
			"dev": true
		},
		"vscode-textmate": {
			"version": "8.0.0",
			"dev": true
		},
		"vue": {
			"version": "3.2.47",
			"dev": true,
			"requires": {
				"@vue/compiler-dom": "3.2.47",
				"@vue/compiler-sfc": "3.2.47",
				"@vue/runtime-dom": "3.2.47",
				"@vue/server-renderer": "3.2.47",
				"@vue/shared": "3.2.47"
			}
		},
		"wintersky": {
			"version": "1.2.1",
			"dev": true,
			"requires": {
				"molangjs": "^1.6.1",
				"three": "^0.147.0",
				"tinycolor2": "^1.4.2"
			}
		}
	}
}
