{
  "name": "blockbench-types",
  "version": "3.9.0",
  "lockfileVersion": 1,
  "requires": true,
  "dependencies": {
    "@types/jquery": {
      "version": "3.5.5",
      "resolved": "https://registry.npmjs.org/@types/jquery/-/jquery-3.5.5.tgz",
      "integrity": "sha512-6RXU9Xzpc6vxNrS6FPPapN1SxSHgQ336WC6Jj/N8q30OiaBZ00l1GBgeP7usjVZPivSkGUfL1z/WW6TX989M+w==",
      "requires": {
        "@types/sizzle": "*"
      }
    },
    "@types/sizzle": {
      "version": "2.3.2",
      "resolved": "https://registry.npmjs.org/@types/sizzle/-/sizzle-2.3.2.tgz",
      "integrity": "sha512-7EJYyKTL7tFR8+gDbB6Wwz/arpGa0Mywk1TJbNzKzHtzbwVmY4HR9WqS5VV7dsBUKQmPNr192jHr/VpBluj/hg=="
    },
    "molangjs": {
      "version": "1.4.0",
      "resolved": "https://registry.npmjs.org/molangjs/-/molangjs-1.4.0.tgz",
      "integrity": "sha512-nvKBeOJbwrslswcIlFmRmsje4FrwFs8tzWvpINuK5JepRalb2CW7eFL+QimGHpDOfSUbUyn+sYVJv2K1eVUTZg=="
    },
    "three": {
      "version": "0.120.1",
      "resolved": "https://registry.npmjs.org/three/-/three-0.120.1.tgz",
      "integrity": "sha512-ktaCRFUR7JUZcKec+cBRz+oBex5pOVaJhrtxvFF2T7on53o9UkEux+/Nh1g/4zeb4t/pbxIFcADbn/ACu3LC1g=="
    },
    "tinycolor2": {
      "version": "1.4.2",
      "resolved": "https://registry.npmjs.org/tinycolor2/-/tinycolor2-1.4.2.tgz",
      "integrity": "sha512-vJhccZPs965sV/L2sU4oRQVAos0pQXwsvTLkWYdqJ+a8Q5kPFzJTuOFwy7UniPli44NKQGAglksjvOcpo95aZA=="
    },
    "vue": {
      "version": "2.6.12",
      "resolved": "https://registry.npmjs.org/vue/-/vue-2.6.12.tgz",
      "integrity": "sha512-uhmLFETqPPNyuLLbsKz6ioJ4q7AZHzD8ZVFNATNyICSZouqP2Sz0rotWQC8UNBF6VGSCs5abnKJoStA6JbCbfg=="
    },
    "wintersky": {
      "version": "1.0.2",
      "resolved": "https://registry.npmjs.org/wintersky/-/wintersky-1.0.2.tgz",
      "integrity": "sha512-ZZgjWYQ4gUXgsCA48Ajk+vRMbXMQ6djPdQkyYP84v4sJ50Yc5Q3hELsROaO5cCrWVYLl1Y/7Chabbpl+nss0jg==",
      "requires": {
        "molangjs": "^1.4.0",
        "three": "^0.127.0",
        "tinycolor2": "^1.4.2"
      },
      "dependencies": {
        "three": {
          "version": "0.127.0",
          "resolved": "https://registry.npmjs.org/three/-/three-0.127.0.tgz",
          "integrity": "sha512-wtgrn+mhYUbobxT7QN3GPdu3SRpSBQvwY6uOzLChWS7QE//f7paDU/+wlzbg+ngeIvBBqjBHSRuywTh8A99Jng=="
        }
      }
    }
  }
}
